// !$*UTF8*$!
{
	archiveVersion = 1;
	classes = {
	};
	objectVersion = 50;
	objects = {

/* Begin PBXBuildFile section */
		047D501024D89240005F77D2 /* twoCollectionViewInOneController.swift in Sources */ = {isa = PBXBuildFile; fileRef = 047D500F24D89240005F77D2 /* twoCollectionViewInOneController.swift */; };
		04EE76E524D6335600666D85 /* AppDelegate.swift in Sources */ = {isa = PBXBuildFile; fileRef = 04EE76E424D6335600666D85 /* AppDelegate.swift */; };
		04EE76E724D6335600666D85 /* SceneDelegate.swift in Sources */ = {isa = PBXBuildFile; fileRef = 04EE76E624D6335600666D85 /* SceneDelegate.swift */; };
		04EE76E924D6335600666D85 /* ViewController.swift in Sources */ = {isa = PBXBuildFile; fileRef = 04EE76E824D6335600666D85 /* ViewController.swift */; };
		04EE76EC24D6335600666D85 /* Main.storyboard in Resources */ = {isa = PBXBuildFile; fileRef = 04EE76EA24D6335600666D85 /* Main.storyboard */; };
		04EE76EE24D6335A00666D85 /* Assets.xcassets in Resources */ = {isa = PBXBuildFile; fileRef = 04EE76ED24D6335A00666D85 /* Assets.xcassets */; };
		04EE76F124D6335A00666D85 /* LaunchScreen.storyboard in Resources */ = {isa = PBXBuildFile; fileRef = 04EE76EF24D6335A00666D85 /* LaunchScreen.storyboard */; };
		04EE76F924D6369F00666D85 /* CollectionViewCell.swift in Sources */ = {isa = PBXBuildFile; fileRef = 04EE76F824D6369F00666D85 /* CollectionViewCell.swift */; };
		04EE76FB24D76D9800666D85 /* RatingController.swift in Sources */ = {isa = PBXBuildFile; fileRef = 04EE76FA24D76D9800666D85 /* RatingController.swift */; };
		04EE76FD24D7777B00666D85 /* tabBarVC.swift in Sources */ = {isa = PBXBuildFile; fileRef = 04EE76FC24D7777B00666D85 /* tabBarVC.swift */; };
/* End PBXBuildFile section */

/* Begin PBXFileReference section */
		047D500F24D89240005F77D2 /* twoCollectionViewInOneController.swift */ = {isa = PBXFileReference; lastKnownFileType = sourcecode.swift; name = twoCollectionViewInOneController.swift; path = Assets.xcassets/twoCollectionViewInOneController.swift; sourceTree = "<group>"; };
		04EE76E124D6335600666D85 /* newApp.app */ = {isa = PBXFileReference; explicitFileType = wrapper.application; includeInIndex = 0; path = newApp.app; sourceTree = BUILT_PRODUCTS_DIR; };
		04EE76E424D6335600666D85 /* AppDelegate.swift */ = {isa = PBXFileReference; lastKnownFileType = sourcecode.swift; path = AppDelegate.swift; sourceTree = "<group>"; };
		04EE76E624D6335600666D85 /* SceneDelegate.swift */ = {isa = PBXFileReference; lastKnownFileType = sourcecode.swift; path = SceneDelegate.swift; sourceTree = "<group>"; };
		04EE76E824D6335600666D85 /* ViewController.swift */ = {isa = PBXFileReference; lastKnownFileType = sourcecode.swift; path = ViewController.swift; sourceTree = "<group>"; };
		04EE76EB24D6335600666D85 /* Base */ = {isa = PBXFileReference; lastKnownFileType = file.storyboard; name = Base; path = Base.lproj/Main.storyboard; sourceTree = "<group>"; };
		04EE76ED24D6335A00666D85 /* Assets.xcassets */ = {isa = PBXFileReference; lastKnownFileType = folder.assetcatalog; path = Assets.xcassets; sourceTree = "<group>"; };
		04EE76F024D6335A00666D85 /* Base */ = {isa = PBXFileReference; lastKnownFileType = file.storyboard; name = Base; path = Base.lproj/LaunchScreen.storyboard; sourceTree = "<group>"; };
		04EE76F224D6335A00666D85 /* Info.plist */ = {isa = PBXFileReference; lastKnownFileType = text.plist.xml; path = Info.plist; sourceTree = "<group>"; };
		04EE76F824D6369F00666D85 /* CollectionViewCell.swift */ = {isa = PBXFileReference; lastKnownFileType = sourcecode.swift; path = CollectionViewCell.swift; sourceTree = "<group>"; };
		04EE76FA24D76D9800666D85 /* RatingController.swift */ = {isa = PBXFileReference; lastKnownFileType = sourcecode.swift; path = RatingController.swift; sourceTree = "<group>"; };
		04EE76FC24D7777B00666D85 /* tabBarVC.swift */ = {isa = PBXFileReference; lastKnownFileType = sourcecode.swift; path = tabBarVC.swift; sourceTree = "<group>"; };
/* End PBXFileReference section */

/* Begin PBXFrameworksBuildPhase section */
		04EE76DE24D6335600666D85 /* Frameworks */ = {
			isa = PBXFrameworksBuildPhase;
			buildActionMask = 2147483647;
			files = (
			);
			runOnlyForDeploymentPostprocessing = 0;
		};
/* End PBXFrameworksBuildPhase section */

/* Begin PBXGroup section */
		04EE76D824D6335600666D85 = {
			isa = PBXGroup;
			children = (
				04EE76E324D6335600666D85 /* newApp */,
				04EE76E224D6335600666D85 /* Products */,
			);
			sourceTree = "<group>";
		};
		04EE76E224D6335600666D85 /* Products */ = {
			isa = PBXGroup;
			children = (
				04EE76E124D6335600666D85 /* newApp.app */,
			);
			name = Products;
			sourceTree = "<group>";
		};
		04EE76E324D6335600666D85 /* newApp */ = {
			isa = PBXGroup;
			children = (
				04EE76E424D6335600666D85 /* AppDelegate.swift */,
				04EE76E624D6335600666D85 /* SceneDelegate.swift */,
				04EE76E824D6335600666D85 /* ViewController.swift */,
				04EE76F824D6369F00666D85 /* CollectionViewCell.swift */,
				04EE76FA24D76D9800666D85 /* RatingController.swift */,
				04EE76FC24D7777B00666D85 /* tabBarVC.swift */,
				04EE76EA24D6335600666D85 /* Main.storyboard */,
				047D500F24D89240005F77D2 /* twoCollectionViewInOneController.swift */,
				04EE76ED24D6335A00666D85 /* Assets.xcassets */,
				04EE76EF24D6335A00666D85 /* LaunchScreen.storyboard */,
				04EE76F224D6335A00666D85 /* Info.plist */,
			);
			path = newApp;
			sourceTree = "<group>";
		};
/* End PBXGroup section */

/* Begin PBXNativeTarget section */
		04EE76E024D6335600666D85 /* newApp */ = {
			isa = PBXNativeTarget;
			buildConfigurationList = 04EE76F524D6335A00666D85 /* Build configuration list for PBXNativeTarget "newApp" */;
			buildPhases = (
				04EE76DD24D6335600666D85 /* Sources */,
				04EE76DE24D6335600666D85 /* Frameworks */,
				04EE76DF24D6335600666D85 /* Resources */,
			);
			buildRules = (
			);
			dependencies = (
			);
			name = newApp;
			productName = newApp;
			productReference = 04EE76E124D6335600666D85 /* newApp.app */;
			productType = "com.apple.product-type.application";
		};
/* End PBXNativeTarget section */

/* Begin PBXProject section */
		04EE76D924D6335600666D85 /* Project object */ = {
			isa = PBXProject;
			attributes = {
				LastSwiftUpdateCheck = 1150;
				LastUpgradeCheck = 1150;
				ORGANIZATIONNAME = "Ahmed kamal";
				TargetAttributes = {
					04EE76E024D6335600666D85 = {
						CreatedOnToolsVersion = 11.5;
					};
				};
			};
			buildConfigurationList = 04EE76DC24D6335600666D85 /* Build configuration list for PBXProject "newApp" */;
			compatibilityVersion = "Xcode 9.3";
			developmentRegion = en;
			hasScannedForEncodings = 0;
			knownRegions = (
				en,
				Base,
			);
			mainGroup = 04EE76D824D6335600666D85;
			productRefGroup = 04EE76E224D6335600666D85 /* Products */;
			projectDirPath = "";
			projectRoot = "";
			targets = (
				04EE76E024D6335600666D85 /* newApp */,
			);
		};
/* End PBXProject section */

/* Begin PBXResourcesBuildPhase section */
		04EE76DF24D6335600666D85 /* Resources */ = {
			isa = PBXResourcesBuildPhase;
			buildActionMask = 2147483647;
			files = (
				04EE76F124D6335A00666D85 /* LaunchScreen.storyboard in Resources */,
				04EE76EE24D6335A00666D85 /* Assets.xcassets in Resources */,
				04EE76EC24D6335600666D85 /* Main.storyboard in Resources */,
			);
			runOnlyForDeploymentPostprocessing = 0;
		};
/* End PBXResourcesBuildPhase section */

/* Begin PBXSourcesBuildPhase section */
		04EE76DD24D6335600666D85 /* Sources */ = {
			isa = PBXSourcesBuildPhase;
			buildActionMask = 2147483647;
			files = (
				04EE76FD24D7777B00666D85 /* tabBarVC.swift in Sources */,
				04EE76E924D6335600666D85 /* ViewController.swift in Sources */,
				047D501024D89240005F77D2 /* twoCollectionViewInOneController.swift in Sources */,
				04EE76FB24D76D9800666D85 /* RatingController.swift in Sources */,
				04EE76E524D6335600666D85 /* AppDelegate.swift in Sources */,
				04EE76F924D6369F00666D85 /* CollectionViewCell.swift in Sources */,
				04EE76E724D6335600666D85 /* SceneDelegate.swift in Sources */,
			);
			runOnlyForDeploymentPostprocessing = 0;
		};
/* End PBXSourcesBuildPhase section */

/* Begin PBXVariantGroup section */
		04EE76EA24D6335600666D85 /* Main.storyboard */ = {
			isa = PBXVariantGroup;
			children = (
				04EE76EB24D6335600666D85 /* Base */,
			);
			name = Main.storyboard;
			sourceTree = "<group>";
		};
		04EE76EF24D6335A00666D85 /* LaunchScreen.storyboard */ = {
			isa = PBXVariantGroup;
			children = (
				04EE76F024D6335A00666D85 /* Base */,
			);
			name = LaunchScreen.storyboard;
			sourceTree = "<group>";
		};
/* End PBXVariantGroup section */

/* Begin XCBuildConfiguration section */
		04EE76F324D6335A00666D85 /* Debug */ = {
			isa = XCBuildConfiguration;
			buildSettings = {
				ALWAYS_SEARCH_USER_PATHS = NO;
				CLANG_ANALYZER_NONNULL = YES;
				CLANG_ANALYZER_NUMBER_OBJECT_CONVERSION = YES_AGGRESSIVE;
				CLANG_CXX_LANGUAGE_STANDARD = "gnu++14";
				CLANG_CXX_LIBRARY = "libc++";
				CLANG_ENABLE_MODULES = YES;
				CLANG_ENABLE_OBJC_ARC = YES;
				CLANG_ENABLE_OBJC_WEAK = YES;
				CLANG_WARN_BLOCK_CAPTURE_AUTORELEASING = YES;
				CLANG_WARN_BOOL_CONVERSION = YES;
				CLANG_WARN_COMMA = YES;
				CLANG_WARN_CONSTANT_CONVERSION = YES;
				CLANG_WARN_DEPRECATED_OBJC_IMPLEMENTATIONS = YES;
				CLANG_WARN_DIRECT_OBJC_ISA_USAGE = YES_ERROR;
				CLANG_WARN_DOCUMENTATION_COMMENTS = YES;
				CLANG_WARN_EMPTY_BODY = YES;
				CLANG_WARN_ENUM_CONVERSION = YES;
				CLANG_WARN_INFINITE_RECURSION = YES;
				CLANG_WARN_INT_CONVERSION = YES;
				CLANG_WARN_NON_LITERAL_NULL_CONVERSION = YES;
				CLANG_WARN_OBJC_IMPLICIT_RETAIN_SELF = YES;
				CLANG_WARN_OBJC_LITERAL_CONVERSION = YES;
				CLANG_WARN_OBJC_ROOT_CLASS = YES_ERROR;
				CLANG_WARN_RANGE_LOOP_ANALYSIS = YES;
				CLANG_WARN_STRICT_PROTOTYPES = YES;
				CLANG_WARN_SUSPICIOUS_MOVE = YES;
				CLANG_WARN_UNGUARDED_AVAILABILITY = YES_AGGRESSIVE;
				CLANG_WARN_UNREACHABLE_CODE = YES;
				CLANG_WARN__DUPLICATE_METHOD_MATCH = YES;
				COPY_PHASE_STRIP = NO;
				DEBUG_INFORMATION_FORMAT = dwarf;
				ENABLE_STRICT_OBJC_MSGSEND = YES;
				ENABLE_TESTABILITY = YES;
				GCC_C_LANGUAGE_STANDARD = gnu11;
				GCC_DYNAMIC_NO_PIC = NO;
				GCC_NO_COMMON_BLOCKS = YES;
				GCC_OPTIMIZATION_LEVEL = 0;
				GCC_PREPROCESSOR_DEFINITIONS = (
					"DEBUG=1",
					"$(inherited)",
				);
				GCC_WARN_64_TO_32_BIT_CONVERSION = YES;
				GCC_WARN_ABOUT_RETURN_TYPE = YES_ERROR;
				GCC_WARN_UNDECLARED_SELECTOR = YES;
				GCC_WARN_UNINITIALIZED_AUTOS = YES_AGGRESSIVE;
				GCC_WARN_UNUSED_FUNCTION = YES;
				GCC_WARN_UNUSED_VARIABLE = YES;
				IPHONEOS_DEPLOYMENT_TARGET = 13.5;
				MTL_ENABLE_DEBUG_INFO = INCLUDE_SOURCE;
				MTL_FAST_MATH = YES;
				ONLY_ACTIVE_ARCH = YES;
				SDKROOT = iphoneos;
				SWIFT_ACTIVE_COMPILATION_CONDITIONS = DEBUG;
				SWIFT_OPTIMIZATION_LEVEL = "-Onone";
			};
			name = Debug;
		};
		04EE76F424D6335A00666D85 /* Release */ = {
			isa = XCBuildConfiguration;
			buildSettings = {
				ALWAYS_SEARCH_USER_PATHS = NO;
				CLANG_ANALYZER_NONNULL = YES;
				CLANG_ANALYZER_NUMBER_OBJECT_CONVERSION = YES_AGGRESSIVE;
				CLANG_CXX_LANGUAGE_STANDARD = "gnu++14";
				CLANG_CXX_LIBRARY = "libc++";
				CLANG_ENABLE_MODULES = YES;
				CLANG_ENABLE_OBJC_ARC = YES;
				CLANG_ENABLE_OBJC_WEAK = YES;
				CLANG_WARN_BLOCK_CAPTURE_AUTORELEASING = YES;
				CLANG_WARN_BOOL_CONVERSION = YES;
				CLANG_WARN_COMMA = YES;
				CLANG_WARN_CONSTANT_CONVERSION = YES;
				CLANG_WARN_DEPRECATED_OBJC_IMPLEMENTATIONS = YES;
				CLANG_WARN_DIRECT_OBJC_ISA_USAGE = YES_ERROR;
				CLANG_WARN_DOCUMENTATION_COMMENTS = YES;
				CLANG_WARN_EMPTY_BODY = YES;
				CLANG_WARN_ENUM_CONVERSION = YES;
				CLANG_WARN_INFINITE_RECURSION = YES;
				CLANG_WARN_INT_CONVERSION = YES;
				CLANG_WARN_NON_LITERAL_NULL_CONVERSION = YES;
				CLANG_WARN_OBJC_IMPLICIT_RETAIN_SELF = YES;
				CLANG_WARN_OBJC_LITERAL_CONVERSION = YES;
				CLANG_WARN_OBJC_ROOT_CLASS = YES_ERROR;
				CLANG_WARN_RANGE_LOOP_ANALYSIS = YES;
				CLANG_WARN_STRICT_PROTOTYPES = YES;
				CLANG_WARN_SUSPICIOUS_MOVE = YES;
				CLANG_WARN_UNGUARDED_AVAILABILITY = YES_AGGRESSIVE;
				CLANG_WARN_UNREACHABLE_CODE = YES;
				CLANG_WARN__DUPLICATE_METHOD_MATCH = YES;
				COPY_PHASE_STRIP = NO;
				DEBUG_INFORMATION_FORMAT = "dwarf-with-dsym";
				ENABLE_NS_ASSERTIONS = NO;
				ENABLE_STRICT_OBJC_MSGSEND = YES;
				GCC_C_LANGUAGE_STANDARD = gnu11;
				GCC_NO_COMMON_BLOCKS = YES;
				GCC_WARN_64_TO_32_BIT_CONVERSION = YES;
				GCC_WARN_ABOUT_RETURN_TYPE = YES_ERROR;
				GCC_WARN_UNDECLARED_SELECTOR = YES;
				GCC_WARN_UNINITIALIZED_AUTOS = YES_AGGRESSIVE;
				GCC_WARN_UNUSED_FUNCTION = YES;
				GCC_WARN_UNUSED_VARIABLE = YES;
				IPHONEOS_DEPLOYMENT_TARGET = 13.5;
				MTL_ENABLE_DEBUG_INFO = NO;
				MTL_FAST_MATH = YES;
				SDKROOT = iphoneos;
				SWIFT_COMPILATION_MODE = wholemodule;
				SWIFT_OPTIMIZATION_LEVEL = "-O";
				VALIDATE_PRODUCT = YES;
			};
			name = Release;
		};
		04EE76F624D6335A00666D85 /* Debug */ = {
			isa = XCBuildConfiguration;
			buildSettings = {
				ASSETCATALOG_COMPILER_APPICON_NAME = AppIcon;
				CODE_SIGN_STYLE = Automatic;
				INFOPLIST_FILE = newApp/Info.plist;
				LD_RUNPATH_SEARCH_PATHS = (
					"$(inherited)",
					"@executable_path/Frameworks",
				);
				PRODUCT_BUNDLE_IDENTIFIER = com.Ahmedkamal.newApp;
				PRODUCT_NAME = "$(TARGET_NAME)";
				SWIFT_VERSION = 5.0;
				TARGETED_DEVICE_FAMILY = "1,2";
			};
			name = Debug;
		};
		04EE76F724D6335A00666D85 /* Release */ = {
			isa = XCBuildConfiguration;
			buildSettings = {
				ASSETCATALOG_COMPILER_APPICON_NAME = AppIcon;
				CODE_SIGN_STYLE = Automatic;
				INFOPLIST_FILE = newApp/Info.plist;
				LD_RUNPATH_SEARCH_PATHS = (
					"$(inherited)",
					"@executable_path/Frameworks",
				);
				PRODUCT_BUNDLE_IDENTIFIER = com.Ahmedkamal.newApp;
				PRODUCT_NAME = "$(TARGET_NAME)";
				SWIFT_VERSION = 5.0;
				TARGETED_DEVICE_FAMILY = "1,2";
			};
			name = Release;
		};
/* End XCBuildConfiguration section */

/* Begin XCConfigurationList section */
		04EE76DC24D6335600666D85 /* Build configuration list for PBXProject "newApp" */ = {
			isa = XCConfigurationList;
			buildConfigurations = (
				04EE76F324D6335A00666D85 /* Debug */,
				04EE76F424D6335A00666D85 /* Release */,
			);
			defaultConfigurationIsVisible = 0;
			defaultConfigurationName = Release;
		};
		04EE76F524D6335A00666D85 /* Build configuration list for PBXNativeTarget "newApp" */ = {
			isa = XCConfigurationList;
			buildConfigurations = (
				04EE76F624D6335A00666D85 /* Debug */,
				04EE76F724D6335A00666D85 /* Release */,
			);
			defaultConfigurationIsVisible = 0;
			defaultConfigurationName = Release;
		};
/* End XCConfigurationList section */
	};
	rootObject = 04EE76D924D6335600666D85 /* Project object */;
}
